
Microsoft Visual Studio Solution File, Format Version 12.00
# Visual Studio 15
VisualStudioVersion = 15.0.28307.329
MinimumVisualStudioVersion = 10.0.40219.1
Project("{2150E333-8FDC-42A3-9474-1A3956D46DE8}") = "01.SRP", "01.SRP", "{E6F4FFC1-97A7-4971-8D66-8F9A289C21A8}"
EndProject
Project("{2150E333-8FDC-42A3-9474-1A3956D46DE8}") = "P01. DrawingShape", "P01. DrawingShape", "{F2A00292-1345-4653-A7E8-32A5297EFC74}"
EndProject
Project("{9A19103F-16F7-4668-BE54-9A1E7A4F7556}") = "P01. DrawingShape-After", "01. SRP\P01. DrawingShape-After\P01. DrawingShape-After.csproj", "{55D9A707-ECFD-4078-BA68-56BF843B2B58}"
EndProject
Project("{9A19103F-16F7-4668-BE54-9A1E7A4F7556}") = "P01. DrawingShape-Before", "01. SRP\P01. DrawingShape-Before\P01. DrawingShape-Before.csproj", "{5EC24C9C-942B-4B51-BCC6-20D0470A38D8}"
EndProject
Project("{2150E333-8FDC-42A3-9474-1A3956D46DE8}") = "P02. Books", "P02. Books", "{854058DB-B0C5-4292-8037-29B1DB38EDC0}"
EndProject
Project("{9A19103F-16F7-4668-BE54-9A1E7A4F7556}") = "P02. Books-After", "01. SRP\P02. Books-After\P02. Books-After.csproj", "{6AB98268-6153-4A27-ABAD-47091A1D355D}"
EndProject
Project("{9A19103F-16F7-4668-BE54-9A1E7A4F7556}") = "P02. Books-Before", "01. SRP\P02. Books-Before\P02. Books-Before.csproj", "{D2BFA197-BC51-491B-ACC6-1E199B0CE603}"
EndProject
Project("{2150E333-8FDC-42A3-9474-1A3956D46DE8}") = "02. OCP", "02. OCP", "{4E2FF5C3-9BA6-4D74-8169-EE9E97EE135B}"
EndProject
Project("{2150E333-8FDC-42A3-9474-1A3956D46DE8}") = "P01. FileStream", "P01. FileStream", "{F95B0D3C-413B-41DA-A730-FB67C64B7AD4}"
EndProject
Project("{2150E333-8FDC-42A3-9474-1A3956D46DE8}") = "P03. ShoppingCart", "P03. ShoppingCart", "{D9B647DB-EE5C-412E-BF02-004DE852BF51}"
EndProject
Project("{2150E333-8FDC-42A3-9474-1A3956D46DE8}") = "P02. DrawingShape", "P02. DrawingShape", "{79AA2A70-87E3-486F-8D7E-D4AC1E9C2865}"
EndProject
Project("{9A19103F-16F7-4668-BE54-9A1E7A4F7556}") = "P01. FileStream-After", "02. OCP\P01. FileStream-After\P01. FileStream-After.csproj", "{15867ED2-6499-4277-AC53-86BB4E262054}"
EndProject
Project("{9A19103F-16F7-4668-BE54-9A1E7A4F7556}") = "P01. FileStream-Before", "02. OCP\P01. FileStream-Before\P01. FileStream-Before.csproj", "{4FB36EA3-65D2-439C-B848-859B8AD07846}"
EndProject
Project("{9A19103F-16F7-4668-BE54-9A1E7A4F7556}") = "P02. DrawingShape-After", "02. OCP\P02. DrawingShape-After\P02. DrawingShape-After.csproj", "{1B32C193-F6FD-4E28-BF8B-BF9701BB3DD9}"
EndProject
Project("{9A19103F-16F7-4668-BE54-9A1E7A4F7556}") = "P02. DrawingShape-Before", "02. OCP\P02. DrawingShape-Before\P02. DrawingShape-Before.csproj", "{A02CC46F-C17F-4F2C-9B26-42DDE623C081}"
EndProject
Project("{9A19103F-16F7-4668-BE54-9A1E7A4F7556}") = "P03. ShoppingCart-After", "02. OCP\P03. ShoppingCart-After\P03. ShoppingCart-After.csproj", "{B592C265-09EF-468B-B8D7-E90D1D87308F}"
EndProject
Project("{9A19103F-16F7-4668-BE54-9A1E7A4F7556}") = "P03. ShoppingCart-Before", "02. OCP\P03. ShoppingCart-Before\P03. ShoppingCart-Before.csproj", "{89AB7A0F-80E2-46A2-9ABD-7A3F77EADBE7}"
EndProject
Project("{2150E333-8FDC-42A3-9474-1A3956D46DE8}") = "03. Liskov Substitution", "03. Liskov Substitution", "{A1466FD5-A7D9-4EB6-8423-C88151407544}"
EndProject
Project("{2150E333-8FDC-42A3-9474-1A3956D46DE8}") = "P01. Square", "P01. Square", "{BB1541A7-6679-42B3-ADFF-6768E0727081}"
EndProject
Project("{9A19103F-16F7-4668-BE54-9A1E7A4F7556}") = "P01. Square-After", "03. Liskov Substitution\P01. Square-After\P01. Square-After.csproj", "{8F9D54EE-08FE-4957-8815-F16F888186AA}"
EndProject
Project("{9A19103F-16F7-4668-BE54-9A1E7A4F7556}") = "P01. Square-Before", "03. Liskov Substitution\P01. Square-Before\P01. Square-Before.csproj", "{596FF73B-CE4E-43DB-B15E-AFD7D81206A1}"
EndProject
Project("{2150E333-8FDC-42A3-9474-1A3956D46DE8}") = "04. ISP", "04. ISP", "{AE6C9FA5-C727-4B7B-9DC5-3A67800A3816}"
EndProject
Project("{2150E333-8FDC-42A3-9474-1A3956D46DE8}") = "P01. Worker", "P01. Worker", "{7F599B07-7634-40F1-8CE0-B3CC508BC951}"
EndProject
Project("{2150E333-8FDC-42A3-9474-1A3956D46DE8}") = "P02. Identity", "P02. Identity", "{0500E937-E18D-45EC-A447-6E3D08E6F994}"
EndProject
Project("{9A19103F-16F7-4668-BE54-9A1E7A4F7556}") = "P01. Worker-After", "04. ISP\P01. Worker-After\P01. Worker-After.csproj", "{9190888A-04AF-4787-8BAF-A8ED1A98EFD6}"
EndProject
Project("{9A19103F-16F7-4668-BE54-9A1E7A4F7556}") = "P01. Worker-Before", "04. ISP\P01. Worker-Before\P01. Worker-Before.csproj", "{79FE2E1B-DCB1-48BE-BB4F-1BFE97DAB8C1}"
EndProject
Project("{9A19103F-16F7-4668-BE54-9A1E7A4F7556}") = "P02. Identity-After", "04. ISP\P02. Identity-After\P02. Identity-After.csproj", "{22B66E61-7A29-441C-831B-3C08C2861DDF}"
EndProject
Project("{9A19103F-16F7-4668-BE54-9A1E7A4F7556}") = "P02. Identity-Before", "04. ISP\P02. Identity-Before\P02. Identity-Before.csproj", "{EA0AEF62-6A80-4043-A913-C40480BD1F86}"
EndProject
Project("{2150E333-8FDC-42A3-9474-1A3956D46DE8}") = "05. DIP", "05. DIP", "{3780053E-9F38-4CAD-B7CD-7C399B12E189}"
EndProject
Project("{2150E333-8FDC-42A3-9474-1A3956D46DE8}") = "P01. HelloWorld", "P01. HelloWorld", "{4A45BE10-5C36-42F9-A071-90464DDCF2A2}"
EndProject
Project("{2150E333-8FDC-42A3-9474-1A3956D46DE8}") = "P02. Worker", "P02. Worker", "{7572EA3B-E2CD-48FB-AD19-06200B1FA1C5}"
EndProject
Project("{2150E333-8FDC-42A3-9474-1A3956D46DE8}") = "P03. Database", "P03. Database", "{C209A499-6716-4212-92FA-4D5B22C4A5F7}"
EndProject
Project("{9A19103F-16F7-4668-BE54-9A1E7A4F7556}") = "P01. HelloWorld-After", "05. DIP\P01. HelloWorld-After\P01. HelloWorld-After.csproj", "{21078767-FBCE-4BC8-A2D8-5E40711B8D0C}"
EndProject
Project("{9A19103F-16F7-4668-BE54-9A1E7A4F7556}") = "P01. HelloWorld-Before", "05. DIP\P01. HelloWorld-Before\P01. HelloWorld-Before.csproj", "{BF530910-A6C2-488E-BDEC-57E1151EE3B6}"
EndProject
Project("{9A19103F-16F7-4668-BE54-9A1E7A4F7556}") = "P02. Worker-After", "05. DIP\P02. Worker-After\P02. Worker-After.csproj", "{08C02E19-215E-461A-9B4A-46792110DB75}"
EndProject
Project("{9A19103F-16F7-4668-BE54-9A1E7A4F7556}") = "P02. Worker-Before", "05. DIP\P02. Worker-Before\P02. Worker-Before.csproj", "{7B9226D6-ABD5-48D4-8521-5CB03EBF7F54}"
EndProject
Project("{9A19103F-16F7-4668-BE54-9A1E7A4F7556}") = "P03. Database-After", "05. DIP\P03. Database-After\P03. Database-After.csproj", "{626471E9-E68B-44C4-BA7A-9C2043BD8570}"
EndProject
Project("{9A19103F-16F7-4668-BE54-9A1E7A4F7556}") = "P03. Database-Before", "05. DIP\P03. Database-Before\P03. Database-Before.csproj", "{B402B26A-737E-413B-B500-908B2651AEFD}"
EndProject
Global
	GlobalSection(SolutionConfigurationPlatforms) = preSolution
		Debug|Any CPU = Debug|Any CPU
		Release|Any CPU = Release|Any CPU
	EndGlobalSection
	GlobalSection(ProjectConfigurationPlatforms) = postSolution
		{55D9A707-ECFD-4078-BA68-56BF843B2B58}.Debug|Any CPU.ActiveCfg = Debug|Any CPU
		{55D9A707-ECFD-4078-BA68-56BF843B2B58}.Debug|Any CPU.Build.0 = Debug|Any CPU
		{55D9A707-ECFD-4078-BA68-56BF843B2B58}.Release|Any CPU.ActiveCfg = Release|Any CPU
		{55D9A707-ECFD-4078-BA68-56BF843B2B58}.Release|Any CPU.Build.0 = Release|Any CPU
		{5EC24C9C-942B-4B51-BCC6-20D0470A38D8}.Debug|Any CPU.ActiveCfg = Debug|Any CPU
		{5EC24C9C-942B-4B51-BCC6-20D0470A38D8}.Debug|Any CPU.Build.0 = Debug|Any CPU
		{5EC24C9C-942B-4B51-BCC6-20D0470A38D8}.Release|Any CPU.ActiveCfg = Release|Any CPU
		{5EC24C9C-942B-4B51-BCC6-20D0470A38D8}.Release|Any CPU.Build.0 = Release|Any CPU
		{6AB98268-6153-4A27-ABAD-47091A1D355D}.Debug|Any CPU.ActiveCfg = Debug|Any CPU
		{6AB98268-6153-4A27-ABAD-47091A1D355D}.Debug|Any CPU.Build.0 = Debug|Any CPU
		{6AB98268-6153-4A27-ABAD-47091A1D355D}.Release|Any CPU.ActiveCfg = Release|Any CPU
		{6AB98268-6153-4A27-ABAD-47091A1D355D}.Release|Any CPU.Build.0 = Release|Any CPU
		{D2BFA197-BC51-491B-ACC6-1E199B0CE603}.Debug|Any CPU.ActiveCfg = Debug|Any CPU
		{D2BFA197-BC51-491B-ACC6-1E199B0CE603}.Debug|Any CPU.Build.0 = Debug|Any CPU
		{D2BFA197-BC51-491B-ACC6-1E199B0CE603}.Release|Any CPU.ActiveCfg = Release|Any CPU
		{D2BFA197-BC51-491B-ACC6-1E199B0CE603}.Release|Any CPU.Build.0 = Release|Any CPU
		{15867ED2-6499-4277-AC53-86BB4E262054}.Debug|Any CPU.ActiveCfg = Debug|Any CPU
		{15867ED2-6499-4277-AC53-86BB4E262054}.Debug|Any CPU.Build.0 = Debug|Any CPU
		{15867ED2-6499-4277-AC53-86BB4E262054}.Release|Any CPU.ActiveCfg = Release|Any CPU
		{15867ED2-6499-4277-AC53-86BB4E262054}.Release|Any CPU.Build.0 = Release|Any CPU
		{4FB36EA3-65D2-439C-B848-859B8AD07846}.Debug|Any CPU.ActiveCfg = Debug|Any CPU
		{4FB36EA3-65D2-439C-B848-859B8AD07846}.Debug|Any CPU.Build.0 = Debug|Any CPU
		{4FB36EA3-65D2-439C-B848-859B8AD07846}.Release|Any CPU.ActiveCfg = Release|Any CPU
		{4FB36EA3-65D2-439C-B848-859B8AD07846}.Release|Any CPU.Build.0 = Release|Any CPU
		{1B32C193-F6FD-4E28-BF8B-BF9701BB3DD9}.Debug|Any CPU.ActiveCfg = Debug|Any CPU
		{1B32C193-F6FD-4E28-BF8B-BF9701BB3DD9}.Debug|Any CPU.Build.0 = Debug|Any CPU
		{1B32C193-F6FD-4E28-BF8B-BF9701BB3DD9}.Release|Any CPU.ActiveCfg = Release|Any CPU
		{1B32C193-F6FD-4E28-BF8B-BF9701BB3DD9}.Release|Any CPU.Build.0 = Release|Any CPU
		{A02CC46F-C17F-4F2C-9B26-42DDE623C081}.Debug|Any CPU.ActiveCfg = Debug|Any CPU
		{A02CC46F-C17F-4F2C-9B26-42DDE623C081}.Debug|Any CPU.Build.0 = Debug|Any CPU
		{A02CC46F-C17F-4F2C-9B26-42DDE623C081}.Release|Any CPU.ActiveCfg = Release|Any CPU
		{A02CC46F-C17F-4F2C-9B26-42DDE623C081}.Release|Any CPU.Build.0 = Release|Any CPU
		{B592C265-09EF-468B-B8D7-E90D1D87308F}.Debug|Any CPU.ActiveCfg = Debug|Any CPU
		{B592C265-09EF-468B-B8D7-E90D1D87308F}.Debug|Any CPU.Build.0 = Debug|Any CPU
		{B592C265-09EF-468B-B8D7-E90D1D87308F}.Release|Any CPU.ActiveCfg = Release|Any CPU
		{B592C265-09EF-468B-B8D7-E90D1D87308F}.Release|Any CPU.Build.0 = Release|Any CPU
		{89AB7A0F-80E2-46A2-9ABD-7A3F77EADBE7}.Debug|Any CPU.ActiveCfg = Debug|Any CPU
		{89AB7A0F-80E2-46A2-9ABD-7A3F77EADBE7}.Debug|Any CPU.Build.0 = Debug|Any CPU
		{89AB7A0F-80E2-46A2-9ABD-7A3F77EADBE7}.Release|Any CPU.ActiveCfg = Release|Any CPU
		{89AB7A0F-80E2-46A2-9ABD-7A3F77EADBE7}.Release|Any CPU.Build.0 = Release|Any CPU
		{8F9D54EE-08FE-4957-8815-F16F888186AA}.Debug|Any CPU.ActiveCfg = Debug|Any CPU
		{8F9D54EE-08FE-4957-8815-F16F888186AA}.Debug|Any CPU.Build.0 = Debug|Any CPU
		{8F9D54EE-08FE-4957-8815-F16F888186AA}.Release|Any CPU.ActiveCfg = Release|Any CPU
		{8F9D54EE-08FE-4957-8815-F16F888186AA}.Release|Any CPU.Build.0 = Release|Any CPU
		{596FF73B-CE4E-43DB-B15E-AFD7D81206A1}.Debug|Any CPU.ActiveCfg = Debug|Any CPU
		{596FF73B-CE4E-43DB-B15E-AFD7D81206A1}.Debug|Any CPU.Build.0 = Debug|Any CPU
		{596FF73B-CE4E-43DB-B15E-AFD7D81206A1}.Release|Any CPU.ActiveCfg = Release|Any CPU
		{596FF73B-CE4E-43DB-B15E-AFD7D81206A1}.Release|Any CPU.Build.0 = Release|Any CPU
		{9190888A-04AF-4787-8BAF-A8ED1A98EFD6}.Debug|Any CPU.ActiveCfg = Debug|Any CPU
		{9190888A-04AF-4787-8BAF-A8ED1A98EFD6}.Debug|Any CPU.Build.0 = Debug|Any CPU
		{9190888A-04AF-4787-8BAF-A8ED1A98EFD6}.Release|Any CPU.ActiveCfg = Release|Any CPU
		{9190888A-04AF-4787-8BAF-A8ED1A98EFD6}.Release|Any CPU.Build.0 = Release|Any CPU
		{79FE2E1B-DCB1-48BE-BB4F-1BFE97DAB8C1}.Debug|Any CPU.ActiveCfg = Debug|Any CPU
		{79FE2E1B-DCB1-48BE-BB4F-1BFE97DAB8C1}.Debug|Any CPU.Build.0 = Debug|Any CPU
		{79FE2E1B-DCB1-48BE-BB4F-1BFE97DAB8C1}.Release|Any CPU.ActiveCfg = Release|Any CPU
		{79FE2E1B-DCB1-48BE-BB4F-1BFE97DAB8C1}.Release|Any CPU.Build.0 = Release|Any CPU
		{22B66E61-7A29-441C-831B-3C08C2861DDF}.Debug|Any CPU.ActiveCfg = Debug|Any CPU
		{22B66E61-7A29-441C-831B-3C08C2861DDF}.Debug|Any CPU.Build.0 = Debug|Any CPU
		{22B66E61-7A29-441C-831B-3C08C2861DDF}.Release|Any CPU.ActiveCfg = Release|Any CPU
		{22B66E61-7A29-441C-831B-3C08C2861DDF}.Release|Any CPU.Build.0 = Release|Any CPU
		{EA0AEF62-6A80-4043-A913-C40480BD1F86}.Debug|Any CPU.ActiveCfg = Debug|Any CPU
		{EA0AEF62-6A80-4043-A913-C40480BD1F86}.Debug|Any CPU.Build.0 = Debug|Any CPU
		{EA0AEF62-6A80-4043-A913-C40480BD1F86}.Release|Any CPU.ActiveCfg = Release|Any CPU
		{EA0AEF62-6A80-4043-A913-C40480BD1F86}.Release|Any CPU.Build.0 = Release|Any CPU
		{21078767-FBCE-4BC8-A2D8-5E40711B8D0C}.Debug|Any CPU.ActiveCfg = Debug|Any CPU
		{21078767-FBCE-4BC8-A2D8-5E40711B8D0C}.Debug|Any CPU.Build.0 = Debug|Any CPU
		{21078767-FBCE-4BC8-A2D8-5E40711B8D0C}.Release|Any CPU.ActiveCfg = Release|Any CPU
		{21078767-FBCE-4BC8-A2D8-5E40711B8D0C}.Release|Any CPU.Build.0 = Release|Any CPU
		{BF530910-A6C2-488E-BDEC-57E1151EE3B6}.Debug|Any CPU.ActiveCfg = Debug|Any CPU
		{BF530910-A6C2-488E-BDEC-57E1151EE3B6}.Debug|Any CPU.Build.0 = Debug|Any CPU
		{BF530910-A6C2-488E-BDEC-57E1151EE3B6}.Release|Any CPU.ActiveCfg = Release|Any CPU
		{BF530910-A6C2-488E-BDEC-57E1151EE3B6}.Release|Any CPU.Build.0 = Release|Any CPU
		{08C02E19-215E-461A-9B4A-46792110DB75}.Debug|Any CPU.ActiveCfg = Debug|Any CPU
		{08C02E19-215E-461A-9B4A-46792110DB75}.Debug|Any CPU.Build.0 = Debug|Any CPU
		{08C02E19-215E-461A-9B4A-46792110DB75}.Release|Any CPU.ActiveCfg = Release|Any CPU
		{08C02E19-215E-461A-9B4A-46792110DB75}.Release|Any CPU.Build.0 = Release|Any CPU
		{7B9226D6-ABD5-48D4-8521-5CB03EBF7F54}.Debug|Any CPU.ActiveCfg = Debug|Any CPU
		{7B9226D6-ABD5-48D4-8521-5CB03EBF7F54}.Debug|Any CPU.Build.0 = Debug|Any CPU
		{7B9226D6-ABD5-48D4-8521-5CB03EBF7F54}.Release|Any CPU.ActiveCfg = Release|Any CPU
		{7B9226D6-ABD5-48D4-8521-5CB03EBF7F54}.Release|Any CPU.Build.0 = Release|Any CPU
		{626471E9-E68B-44C4-BA7A-9C2043BD8570}.Debug|Any CPU.ActiveCfg = Debug|Any CPU
		{626471E9-E68B-44C4-BA7A-9C2043BD8570}.Debug|Any CPU.Build.0 = Debug|Any CPU
		{626471E9-E68B-44C4-BA7A-9C2043BD8570}.Release|Any CPU.ActiveCfg = Release|Any CPU
		{626471E9-E68B-44C4-BA7A-9C2043BD8570}.Release|Any CPU.Build.0 = Release|Any CPU
		{B402B26A-737E-413B-B500-908B2651AEFD}.Debug|Any CPU.ActiveCfg = Debug|Any CPU
		{B402B26A-737E-413B-B500-908B2651AEFD}.Debug|Any CPU.Build.0 = Debug|Any CPU
		{B402B26A-737E-413B-B500-908B2651AEFD}.Release|Any CPU.ActiveCfg = Release|Any CPU
		{B402B26A-737E-413B-B500-908B2651AEFD}.Release|Any CPU.Build.0 = Release|Any CPU
	EndGlobalSection
	GlobalSection(SolutionProperties) = preSolution
		HideSolutionNode = FALSE
	EndGlobalSection
	GlobalSection(NestedProjects) = preSolution
		{F2A00292-1345-4653-A7E8-32A5297EFC74} = {E6F4FFC1-97A7-4971-8D66-8F9A289C21A8}
		{55D9A707-ECFD-4078-BA68-56BF843B2B58} = {F2A00292-1345-4653-A7E8-32A5297EFC74}
		{5EC24C9C-942B-4B51-BCC6-20D0470A38D8} = {F2A00292-1345-4653-A7E8-32A5297EFC74}
		{854058DB-B0C5-4292-8037-29B1DB38EDC0} = {E6F4FFC1-97A7-4971-8D66-8F9A289C21A8}
		{6AB98268-6153-4A27-ABAD-47091A1D355D} = {854058DB-B0C5-4292-8037-29B1DB38EDC0}
		{D2BFA197-BC51-491B-ACC6-1E199B0CE603} = {854058DB-B0C5-4292-8037-29B1DB38EDC0}
		{F95B0D3C-413B-41DA-A730-FB67C64B7AD4} = {4E2FF5C3-9BA6-4D74-8169-EE9E97EE135B}
		{D9B647DB-EE5C-412E-BF02-004DE852BF51} = {4E2FF5C3-9BA6-4D74-8169-EE9E97EE135B}
		{79AA2A70-87E3-486F-8D7E-D4AC1E9C2865} = {4E2FF5C3-9BA6-4D74-8169-EE9E97EE135B}
		{15867ED2-6499-4277-AC53-86BB4E262054} = {F95B0D3C-413B-41DA-A730-FB67C64B7AD4}
		{4FB36EA3-65D2-439C-B848-859B8AD07846} = {F95B0D3C-413B-41DA-A730-FB67C64B7AD4}
		{1B32C193-F6FD-4E28-BF8B-BF9701BB3DD9} = {79AA2A70-87E3-486F-8D7E-D4AC1E9C2865}
		{A02CC46F-C17F-4F2C-9B26-42DDE623C081} = {79AA2A70-87E3-486F-8D7E-D4AC1E9C2865}
		{B592C265-09EF-468B-B8D7-E90D1D87308F} = {D9B647DB-EE5C-412E-BF02-004DE852BF51}
		{89AB7A0F-80E2-46A2-9ABD-7A3F77EADBE7} = {D9B647DB-EE5C-412E-BF02-004DE852BF51}
		{BB1541A7-6679-42B3-ADFF-6768E0727081} = {A1466FD5-A7D9-4EB6-8423-C88151407544}
		{8F9D54EE-08FE-4957-8815-F16F888186AA} = {BB1541A7-6679-42B3-ADFF-6768E0727081}
		{596FF73B-CE4E-43DB-B15E-AFD7D81206A1} = {BB1541A7-6679-42B3-ADFF-6768E0727081}
		{7F599B07-7634-40F1-8CE0-B3CC508BC951} = {AE6C9FA5-C727-4B7B-9DC5-3A67800A3816}
		{0500E937-E18D-45EC-A447-6E3D08E6F994} = {AE6C9FA5-C727-4B7B-9DC5-3A67800A3816}
		{9190888A-04AF-4787-8BAF-A8ED1A98EFD6} = {7F599B07-7634-40F1-8CE0-B3CC508BC951}
		{79FE2E1B-DCB1-48BE-BB4F-1BFE97DAB8C1} = {7F599B07-7634-40F1-8CE0-B3CC508BC951}
		{22B66E61-7A29-441C-831B-3C08C2861DDF} = {0500E937-E18D-45EC-A447-6E3D08E6F994}
		{EA0AEF62-6A80-4043-A913-C40480BD1F86} = {0500E937-E18D-45EC-A447-6E3D08E6F994}
		{4A45BE10-5C36-42F9-A071-90464DDCF2A2} = {3780053E-9F38-4CAD-B7CD-7C399B12E189}
		{7572EA3B-E2CD-48FB-AD19-06200B1FA1C5} = {3780053E-9F38-4CAD-B7CD-7C399B12E189}
		{C209A499-6716-4212-92FA-4D5B22C4A5F7} = {3780053E-9F38-4CAD-B7CD-7C399B12E189}
		{21078767-FBCE-4BC8-A2D8-5E40711B8D0C} = {4A45BE10-5C36-42F9-A071-90464DDCF2A2}
		{BF530910-A6C2-488E-BDEC-57E1151EE3B6} = {4A45BE10-5C36-42F9-A071-90464DDCF2A2}
		{08C02E19-215E-461A-9B4A-46792110DB75} = {7572EA3B-E2CD-48FB-AD19-06200B1FA1C5}
		{7B9226D6-ABD5-48D4-8521-5CB03EBF7F54} = {7572EA3B-E2CD-48FB-AD19-06200B1FA1C5}
		{626471E9-E68B-44C4-BA7A-9C2043BD8570} = {C209A499-6716-4212-92FA-4D5B22C4A5F7}
		{B402B26A-737E-413B-B500-908B2651AEFD} = {C209A499-6716-4212-92FA-4D5B22C4A5F7}
	EndGlobalSection
	GlobalSection(ExtensibilityGlobals) = postSolution
		SolutionGuid = {CBE5E594-CBFC-4D7E-B53B-A9F4477E1E92}
	EndGlobalSection
EndGlobal
