
Microsoft Visual Studio Solution File, Format Version 12.00
# Visual Studio Version 16
VisualStudioVersion = 16.0.29920.165
MinimumVisualStudioVersion = 10.0.40219.1
Project("{9A19103F-16F7-4668-BE54-9A1E7A4F7556}") = "RobotService", "RobotService\RobotService.csproj", "{4CAC8DD8-5C11-49AC-BBB2-E231A214AB58}"
EndProject
Global
	GlobalSection(SolutionConfigurationPlatforms) = preSolution
		Debug|Any CPU = Debug|Any CPU
		Release|Any CPU = Release|Any CPU
	EndGlobalSection
	GlobalSection(ProjectConfigurationPlatforms) = postSolution
		{4CAC8DD8-5C11-49AC-BBB2-E231A214AB58}.Debug|Any CPU.ActiveCfg = Debug|Any CPU
		{4CAC8DD8-5C11-49AC-BBB2-E231A214AB58}.Debug|Any CPU.Build.0 = Debug|Any CPU
		{4CAC8DD8-5C11-49AC-BBB2-E231A214AB58}.Release|Any CPU.ActiveCfg = Release|Any CPU
		{4CAC8DD8-5C11-49AC-BBB2-E231A214AB58}.Release|Any CPU.Build.0 = Release|Any CPU
	EndGlobalSection
	GlobalSection(SolutionProperties) = preSolution
		HideSolutionNode = FALSE
	EndGlobalSection
	GlobalSection(ExtensibilityGlobals) = postSolution
		SolutionGuid = {CDACA7DE-DF66-492D-B822-ACADEC984399}
	EndGlobalSection
EndGlobal
